// !$*UTF8*$!
{
	archiveVersion = 1;
	classes = {
	};
	objectVersion = 50;
	objects = {

/* Begin PBXBuildFile section */
		110206B4241237F300CB68EF /* AppDelegate.swift in Sources */ = {isa = PBXBuildFile; fileRef = 110206B3241237F300CB68EF /* AppDelegate.swift */; };
		110206B6241237F300CB68EF /* SceneDelegate.swift in Sources */ = {isa = PBXBuildFile; fileRef = 110206B5241237F300CB68EF /* SceneDelegate.swift */; };
		110206B8241237F300CB68EF /* ViewController.swift in Sources */ = {isa = PBXBuildFile; fileRef = 110206B7241237F300CB68EF /* ViewController.swift */; };
		110206BB241237F300CB68EF /* Main.storyboard in Resources */ = {isa = PBXBuildFile; fileRef = 110206B9241237F300CB68EF /* Main.storyboard */; };
		110206BD241237F500CB68EF /* Assets.xcassets in Resources */ = {isa = PBXBuildFile; fileRef = 110206BC241237F500CB68EF /* Assets.xcassets */; };
		110206C0241237F500CB68EF /* LaunchScreen.storyboard in Resources */ = {isa = PBXBuildFile; fileRef = 110206BE241237F500CB68EF /* LaunchScreen.storyboard */; };
		110206CB241237F500CB68EF /* TESTTests.swift in Sources */ = {isa = PBXBuildFile; fileRef = 110206CA241237F500CB68EF /* TESTTests.swift */; };
		110206D6241237F500CB68EF /* TESTUITests.swift in Sources */ = {isa = PBXBuildFile; fileRef = 110206D5241237F500CB68EF /* TESTUITests.swift */; };
/* End PBXBuildFile section */

/* Begin PBXContainerItemProxy section */
		110206C7241237F500CB68EF /* PBXContainerItemProxy */ = {
			isa = PBXContainerItemProxy;
			containerPortal = 110206A8241237F300CB68EF /* Project object */;
			proxyType = 1;
			remoteGlobalIDString = 110206AF241237F300CB68EF;
			remoteInfo = TEST;
		};
		110206D2241237F500CB68EF /* PBXContainerItemProxy */ = {
			isa = PBXContainerItemProxy;
			containerPortal = 110206A8241237F300CB68EF /* Project object */;
			proxyType = 1;
			remoteGlobalIDString = 110206AF241237F300CB68EF;
			remoteInfo = TEST;
		};
/* End PBXContainerItemProxy section */

/* Begin PBXFileReference section */
		110206B0241237F300CB68EF /* TEST.app */ = {isa = PBXFileReference; explicitFileType = wrapper.application; includeInIndex = 0; path = TEST.app; sourceTree = BUILT_PRODUCTS_DIR; };
		110206B3241237F300CB68EF /* AppDelegate.swift */ = {isa = PBXFileReference; lastKnownFileType = sourcecode.swift; path = AppDelegate.swift; sourceTree = "<group>"; };
		110206B5241237F300CB68EF /* SceneDelegate.swift */ = {isa = PBXFileReference; lastKnownFileType = sourcecode.swift; path = SceneDelegate.swift; sourceTree = "<group>"; };
		110206B7241237F300CB68EF /* ViewController.swift */ = {isa = PBXFileReference; lastKnownFileType = sourcecode.swift; path = ViewController.swift; sourceTree = "<group>"; };
		110206BA241237F300CB68EF /* Base */ = {isa = PBXFileReference; lastKnownFileType = file.storyboard; name = Base; path = Base.lproj/Main.storyboard; sourceTree = "<group>"; };
		110206BC241237F500CB68EF /* Assets.xcassets */ = {isa = PBXFileReference; lastKnownFileType = folder.assetcatalog; path = Assets.xcassets; sourceTree = "<group>"; };
		110206BF241237F500CB68EF /* Base */ = {isa = PBXFileReference; lastKnownFileType = file.storyboard; name = Base; path = Base.lproj/LaunchScreen.storyboard; sourceTree = "<group>"; };
		110206C1241237F500CB68EF /* Info.plist */ = {isa = PBXFileReference; lastKnownFileType = text.plist.xml; path = Info.plist; sourceTree = "<group>"; };
		110206C6241237F500CB68EF /* TESTTests.xctest */ = {isa = PBXFileReference; explicitFileType = wrapper.cfbundle; includeInIndex = 0; path = TESTTests.xctest; sourceTree = BUILT_PRODUCTS_DIR; };
		110206CA241237F500CB68EF /* TESTTests.swift */ = {isa = PBXFileReference; lastKnownFileType = sourcecode.swift; path = TESTTests.swift; sourceTree = "<group>"; };
		110206CC241237F500CB68EF /* Info.plist */ = {isa = PBXFileReference; lastKnownFileType = text.plist.xml; path = Info.plist; sourceTree = "<group>"; };
		110206D1241237F500CB68EF /* TESTUITests.xctest */ = {isa = PBXFileReference; explicitFileType = wrapper.cfbundle; includeInIndex = 0; path = TESTUITests.xctest; sourceTree = BUILT_PRODUCTS_DIR; };
		110206D5241237F500CB68EF /* TESTUITests.swift */ = {isa = PBXFileReference; lastKnownFileType = sourcecode.swift; path = TESTUITests.swift; sourceTree = "<group>"; };
		110206D7241237F500CB68EF /* Info.plist */ = {isa = PBXFileReference; lastKnownFileType = text.plist.xml; path = Info.plist; sourceTree = "<group>"; };
/* End PBXFileReference section */

/* Begin PBXFrameworksBuildPhase section */
		110206AD241237F300CB68EF /* Frameworks */ = {
			isa = PBXFrameworksBuildPhase;
			buildActionMask = 2147483647;
			files = (
			);
			runOnlyForDeploymentPostprocessing = 0;
		};
		110206C3241237F500CB68EF /* Frameworks */ = {
			isa = PBXFrameworksBuildPhase;
			buildActionMask = 2147483647;
			files = (
			);
			runOnlyForDeploymentPostprocessing = 0;
		};
		110206CE241237F500CB68EF /* Frameworks */ = {
			isa = PBXFrameworksBuildPhase;
			buildActionMask = 2147483647;
			files = (
			);
			runOnlyForDeploymentPostprocessing = 0;
		};
/* End PBXFrameworksBuildPhase section */

/* Begin PBXGroup section */
		110206A7241237F300CB68EF = {
			isa = PBXGroup;
			children = (
				110206B2241237F300CB68EF /* TEST */,
				110206C9241237F500CB68EF /* TESTTests */,
				110206D4241237F500CB68EF /* TESTUITests */,
				110206B1241237F300CB68EF /* Products */,
			);
			sourceTree = "<group>";
		};
		110206B1241237F300CB68EF /* Products */ = {
			isa = PBXGroup;
			children = (
				110206B0241237F300CB68EF /* TEST.app */,
				110206C6241237F500CB68EF /* TESTTests.xctest */,
				110206D1241237F500CB68EF /* TESTUITests.xctest */,
			);
			name = Products;
			sourceTree = "<group>";
		};
		110206B2241237F300CB68EF /* TEST */ = {
			isa = PBXGroup;
			children = (
				110206B3241237F300CB68EF /* AppDelegate.swift */,
				110206B5241237F300CB68EF /* SceneDelegate.swift */,
				110206B7241237F300CB68EF /* ViewController.swift */,
				110206B9241237F300CB68EF /* Main.storyboard */,
				110206BC241237F500CB68EF /* Assets.xcassets */,
				110206BE241237F500CB68EF /* LaunchScreen.storyboard */,
				110206C1241237F500CB68EF /* Info.plist */,
			);
			path = TEST;
			sourceTree = "<group>";
		};
		110206C9241237F500CB68EF /* TESTTests */ = {
			isa = PBXGroup;
			children = (
				110206CA241237F500CB68EF /* TESTTests.swift */,
				110206CC241237F500CB68EF /* Info.plist */,
			);
			path = TESTTests;
			sourceTree = "<group>";
		};
		110206D4241237F500CB68EF /* TESTUITests */ = {
			isa = PBXGroup;
			children = (
				110206D5241237F500CB68EF /* TESTUITests.swift */,
				110206D7241237F500CB68EF /* Info.plist */,
			);
			path = TESTUITests;
			sourceTree = "<group>";
		};
/* End PBXGroup section */

/* Begin PBXNativeTarget section */
		110206AF241237F300CB68EF /* TEST */ = {
			isa = PBXNativeTarget;
			buildConfigurationList = 110206DA241237F500CB68EF /* Build configuration list for PBXNativeTarget "TEST" */;
			buildPhases = (
				110206AC241237F300CB68EF /* Sources */,
				110206AD241237F300CB68EF /* Frameworks */,
				110206AE241237F300CB68EF /* Resources */,
			);
			buildRules = (
			);
			dependencies = (
			);
			name = TEST;
			productName = TEST;
			productReference = 110206B0241237F300CB68EF /* TEST.app */;
			productType = "com.apple.product-type.application";
		};
		110206C5241237F500CB68EF /* TESTTests */ = {
			isa = PBXNativeTarget;
			buildConfigurationList = 110206DD241237F500CB68EF /* Build configuration list for PBXNativeTarget "TESTTests" */;
			buildPhases = (
				110206C2241237F500CB68EF /* Sources */,
				110206C3241237F500CB68EF /* Frameworks */,
				110206C4241237F500CB68EF /* Resources */,
			);
			buildRules = (
			);
			dependencies = (
				110206C8241237F500CB68EF /* PBXTargetDependency */,
			);
			name = TESTTests;
			productName = TESTTests;
			productReference = 110206C6241237F500CB68EF /* TESTTests.xctest */;
			productType = "com.apple.product-type.bundle.unit-test";
		};
		110206D0241237F500CB68EF /* TESTUITests */ = {
			isa = PBXNativeTarget;
			buildConfigurationList = 110206E0241237F500CB68EF /* Build configuration list for PBXNativeTarget "TESTUITests" */;
			buildPhases = (
				110206CD241237F500CB68EF /* Sources */,
				110206CE241237F500CB68EF /* Frameworks */,
				110206CF241237F500CB68EF /* Resources */,
			);
			buildRules = (
			);
			dependencies = (
				110206D3241237F500CB68EF /* PBXTargetDependency */,
			);
			name = TESTUITests;
			productName = TESTUITests;
			productReference = 110206D1241237F500CB68EF /* TESTUITests.xctest */;
			productType = "com.apple.product-type.bundle.ui-testing";
		};
/* End PBXNativeTarget section */

/* Begin PBXProject section */
		110206A8241237F300CB68EF /* Project object */ = {
			isa = PBXProject;
			attributes = {
				LastSwiftUpdateCheck = 1130;
				LastUpgradeCheck = 1130;
				ORGANIZATIONNAME = "唐安坤";
				TargetAttributes = {
					110206AF241237F300CB68EF = {
						CreatedOnToolsVersion = 11.3.1;
					};
					110206C5241237F500CB68EF = {
						CreatedOnToolsVersion = 11.3.1;
						TestTargetID = 110206AF241237F300CB68EF;
					};
					110206D0241237F500CB68EF = {
						CreatedOnToolsVersion = 11.3.1;
						TestTargetID = 110206AF241237F300CB68EF;
					};
				};
			};
			buildConfigurationList = 110206AB241237F300CB68EF /* Build configuration list for PBXProject "TEST" */;
			compatibilityVersion = "Xcode 9.3";
			developmentRegion = en;
			hasScannedForEncodings = 0;
			knownRegions = (
				en,
				Base,
			);
			mainGroup = 110206A7241237F300CB68EF;
			productRefGroup = 110206B1241237F300CB68EF /* Products */;
			projectDirPath = "";
			projectRoot = "";
			targets = (
				110206AF241237F300CB68EF /* TEST */,
				110206C5241237F500CB68EF /* TESTTests */,
				110206D0241237F500CB68EF /* TESTUITests */,
			);
		};
/* End PBXProject section */

/* Begin PBXResourcesBuildPhase section */
		110206AE241237F300CB68EF /* Resources */ = {
			isa = PBXResourcesBuildPhase;
			buildActionMask = 2147483647;
			files = (
				110206C0241237F500CB68EF /* LaunchScreen.storyboard in Resources */,
				110206BD241237F500CB68EF /* Assets.xcassets in Resources */,
				110206BB241237F300CB68EF /* Main.storyboard in Resources */,
			);
			runOnlyForDeploymentPostprocessing = 0;
		};
		110206C4241237F500CB68EF /* Resources */ = {
			isa = PBXResourcesBuildPhase;
			buildActionMask = 2147483647;
			files = (
			);
			runOnlyForDeploymentPostprocessing = 0;
		};
		110206CF241237F500CB68EF /* Resources */ = {
			isa = PBXResourcesBuildPhase;
			buildActionMask = 2147483647;
			files = (
			);
			runOnlyForDeploymentPostprocessing = 0;
		};
/* End PBXResourcesBuildPhase section */

/* Begin PBXSourcesBuildPhase section */
		110206AC241237F300CB68EF /* Sources */ = {
			isa = PBXSourcesBuildPhase;
			buildActionMask = 2147483647;
			files = (
				110206B8241237F300CB68EF /* ViewController.swift in Sources */,
				110206B4241237F300CB68EF /* AppDelegate.swift in Sources */,
				110206B6241237F300CB68EF /* SceneDelegate.swift in Sources */,
			);
			runOnlyForDeploymentPostprocessing = 0;
		};
		110206C2241237F500CB68EF /* Sources */ = {
			isa = PBXSourcesBuildPhase;
			buildActionMask = 2147483647;
			files = (
				110206CB241237F500CB68EF /* TESTTests.swift in Sources */,
			);
			runOnlyForDeploymentPostprocessing = 0;
		};
		110206CD241237F500CB68EF /* Sources */ = {
			isa = PBXSourcesBuildPhase;
			buildActionMask = 2147483647;
			files = (
				110206D6241237F500CB68EF /* TESTUITests.swift in Sources */,
			);
			runOnlyForDeploymentPostprocessing = 0;
		};
/* End PBXSourcesBuildPhase section */

/* Begin PBXTargetDependency section */
		110206C8241237F500CB68EF /* PBXTargetDependency */ = {
			isa = PBXTargetDependency;
			target = 110206AF241237F300CB68EF /* TEST */;
			targetProxy = 110206C7241237F500CB68EF /* PBXContainerItemProxy */;
		};
		110206D3241237F500CB68EF /* PBXTargetDependency */ = {
			isa = PBXTargetDependency;
			target = 110206AF241237F300CB68EF /* TEST */;
			targetProxy = 110206D2241237F500CB68EF /* PBXContainerItemProxy */;
		};
/* End PBXTargetDependency section */

/* Begin PBXVariantGroup section */
		110206B9241237F300CB68EF /* Main.storyboard */ = {
			isa = PBXVariantGroup;
			children = (
				110206BA241237F300CB68EF /* Base */,
			);
			name = Main.storyboard;
			sourceTree = "<group>";
		};
		110206BE241237F500CB68EF /* LaunchScreen.storyboard */ = {
			isa = PBXVariantGroup;
			children = (
				110206BF241237F500CB68EF /* Base */,
			);
			name = LaunchScreen.storyboard;
			sourceTree = "<group>";
		};
/* End PBXVariantGroup section */

/* Begin XCBuildConfiguration section */
		110206D8241237F500CB68EF /* Debug */ = {
			isa = XCBuildConfiguration;
			buildSettings = {
				ALWAYS_SEARCH_USER_PATHS = NO;
				CLANG_ANALYZER_NONNULL = YES;
				CLANG_ANALYZER_NUMBER_OBJECT_CONVERSION = YES_AGGRESSIVE;
				CLANG_CXX_LANGUAGE_STANDARD = "gnu++14";
				CLANG_CXX_LIBRARY = "libc++";
				CLANG_ENABLE_MODULES = YES;
				CLANG_ENABLE_OBJC_ARC = YES;
				CLANG_ENABLE_OBJC_WEAK = YES;
				CLANG_WARN_BLOCK_CAPTURE_AUTORELEASING = YES;
				CLANG_WARN_BOOL_CONVERSION = YES;
				CLANG_WARN_COMMA = YES;
				CLANG_WARN_CONSTANT_CONVERSION = YES;
				CLANG_WARN_DEPRECATED_OBJC_IMPLEMENTATIONS = YES;
				CLANG_WARN_DIRECT_OBJC_ISA_USAGE = YES_ERROR;
				CLANG_WARN_DOCUMENTATION_COMMENTS = YES;
				CLANG_WARN_EMPTY_BODY = YES;
				CLANG_WARN_ENUM_CONVERSION = YES;
				CLANG_WARN_INFINITE_RECURSION = YES;
				CLANG_WARN_INT_CONVERSION = YES;
				CLANG_WARN_NON_LITERAL_NULL_CONVERSION = YES;
				CLANG_WARN_OBJC_IMPLICIT_RETAIN_SELF = YES;
				CLANG_WARN_OBJC_LITERAL_CONVERSION = YES;
				CLANG_WARN_OBJC_ROOT_CLASS = YES_ERROR;
				CLANG_WARN_RANGE_LOOP_ANALYSIS = YES;
				CLANG_WARN_STRICT_PROTOTYPES = YES;
				CLANG_WARN_SUSPICIOUS_MOVE = YES;
				CLANG_WARN_UNGUARDED_AVAILABILITY = YES_AGGRESSIVE;
				CLANG_WARN_UNREACHABLE_CODE = YES;
				CLANG_WARN__DUPLICATE_METHOD_MATCH = YES;
				COPY_PHASE_STRIP = NO;
				DEBUG_INFORMATION_FORMAT = dwarf;
				ENABLE_STRICT_OBJC_MSGSEND = YES;
				ENABLE_TESTABILITY = YES;
				GCC_C_LANGUAGE_STANDARD = gnu11;
				GCC_DYNAMIC_NO_PIC = NO;
				GCC_NO_COMMON_BLOCKS = YES;
				GCC_OPTIMIZATION_LEVEL = 0;
				GCC_PREPROCESSOR_DEFINITIONS = (
					"DEBUG=1",
					"$(inherited)",
				);
				GCC_WARN_64_TO_32_BIT_CONVERSION = YES;
				GCC_WARN_ABOUT_RETURN_TYPE = YES_ERROR;
				GCC_WARN_UNDECLARED_SELECTOR = YES;
				GCC_WARN_UNINITIALIZED_AUTOS = YES_AGGRESSIVE;
				GCC_WARN_UNUSED_FUNCTION = YES;
				GCC_WARN_UNUSED_VARIABLE = YES;
				IPHONEOS_DEPLOYMENT_TARGET = 13.2;
				MTL_ENABLE_DEBUG_INFO = INCLUDE_SOURCE;
				MTL_FAST_MATH = YES;
				ONLY_ACTIVE_ARCH = YES;
				SDKROOT = iphoneos;
				SWIFT_ACTIVE_COMPILATION_CONDITIONS = DEBUG;
				SWIFT_OPTIMIZATION_LEVEL = "-Onone";
			};
			name = Debug;
		};
		110206D9241237F500CB68EF /* Release */ = {
			isa = XCBuildConfiguration;
			buildSettings = {
				ALWAYS_SEARCH_USER_PATHS = NO;
				CLANG_ANALYZER_NONNULL = YES;
				CLANG_ANALYZER_NUMBER_OBJECT_CONVERSION = YES_AGGRESSIVE;
				CLANG_CXX_LANGUAGE_STANDARD = "gnu++14";
				CLANG_CXX_LIBRARY = "libc++";
				CLANG_ENABLE_MODULES = YES;
				CLANG_ENABLE_OBJC_ARC = YES;
				CLANG_ENABLE_OBJC_WEAK = YES;
				CLANG_WARN_BLOCK_CAPTURE_AUTORELEASING = YES;
				CLANG_WARN_BOOL_CONVERSION = YES;
				CLANG_WARN_COMMA = YES;
				CLANG_WARN_CONSTANT_CONVERSION = YES;
				CLANG_WARN_DEPRECATED_OBJC_IMPLEMENTATIONS = YES;
				CLANG_WARN_DIRECT_OBJC_ISA_USAGE = YES_ERROR;
				CLANG_WARN_DOCUMENTATION_COMMENTS = YES;
				CLANG_WARN_EMPTY_BODY = YES;
				CLANG_WARN_ENUM_CONVERSION = YES;
				CLANG_WARN_INFINITE_RECURSION = YES;
				CLANG_WARN_INT_CONVERSION = YES;
				CLANG_WARN_NON_LITERAL_NULL_CONVERSION = YES;
				CLANG_WARN_OBJC_IMPLICIT_RETAIN_SELF = YES;
				CLANG_WARN_OBJC_LITERAL_CONVERSION = YES;
				CLANG_WARN_OBJC_ROOT_CLASS = YES_ERROR;
				CLANG_WARN_RANGE_LOOP_ANALYSIS = YES;
				CLANG_WARN_STRICT_PROTOTYPES = YES;
				CLANG_WARN_SUSPICIOUS_MOVE = YES;
				CLANG_WARN_UNGUARDED_AVAILABILITY = YES_AGGRESSIVE;
				CLANG_WARN_UNREACHABLE_CODE = YES;
				CLANG_WARN__DUPLICATE_METHOD_MATCH = YES;
				COPY_PHASE_STRIP = NO;
				DEBUG_INFORMATION_FORMAT = "dwarf-with-dsym";
				ENABLE_NS_ASSERTIONS = NO;
				ENABLE_STRICT_OBJC_MSGSEND = YES;
				GCC_C_LANGUAGE_STANDARD = gnu11;
				GCC_NO_COMMON_BLOCKS = YES;
				GCC_WARN_64_TO_32_BIT_CONVERSION = YES;
				GCC_WARN_ABOUT_RETURN_TYPE = YES_ERROR;
				GCC_WARN_UNDECLARED_SELECTOR = YES;
				GCC_WARN_UNINITIALIZED_AUTOS = YES_AGGRESSIVE;
				GCC_WARN_UNUSED_FUNCTION = YES;
				GCC_WARN_UNUSED_VARIABLE = YES;
				IPHONEOS_DEPLOYMENT_TARGET = 13.2;
				MTL_ENABLE_DEBUG_INFO = NO;
				MTL_FAST_MATH = YES;
				SDKROOT = iphoneos;
				SWIFT_COMPILATION_MODE = wholemodule;
				SWIFT_OPTIMIZATION_LEVEL = "-O";
				VALIDATE_PRODUCT = YES;
			};
			name = Release;
		};
		110206DB241237F500CB68EF /* Debug */ = {
			isa = XCBuildConfiguration;
			buildSettings = {
				ASSETCATALOG_COMPILER_APPICON_NAME = AppIcon;
				CODE_SIGN_STYLE = Automatic;
				INFOPLIST_FILE = TEST/Info.plist;
				LD_RUNPATH_SEARCH_PATHS = (
					"$(inherited)",
					"@executable_path/Frameworks",
				);
				PRODUCT_BUNDLE_IDENTIFIER = abc.TEST;
				PRODUCT_NAME = "$(TARGET_NAME)";
				SWIFT_VERSION = 5.0;
				TARGETED_DEVICE_FAMILY = "1,2";
			};
			name = Debug;
		};
		110206DC241237F500CB68EF /* Release */ = {
			isa = XCBuildConfiguration;
			buildSettings = {
				ASSETCATALOG_COMPILER_APPICON_NAME = AppIcon;
				CODE_SIGN_STYLE = Automatic;
				INFOPLIST_FILE = TEST/Info.plist;
				LD_RUNPATH_SEARCH_PATHS = (
					"$(inherited)",
					"@executable_path/Frameworks",
				);
				PRODUCT_BUNDLE_IDENTIFIER = abc.TEST;
				PRODUCT_NAME = "$(TARGET_NAME)";
				SWIFT_VERSION = 5.0;
				TARGETED_DEVICE_FAMILY = "1,2";
			};
			name = Release;
		};
		110206DE241237F500CB68EF /* Debug */ = {
			isa = XCBuildConfiguration;
			buildSettings = {
				ALWAYS_EMBED_SWIFT_STANDARD_LIBRARIES = YES;
				BUNDLE_LOADER = "$(TEST_HOST)";
				CODE_SIGN_STYLE = Automatic;
				INFOPLIST_FILE = TESTTests/Info.plist;
				IPHONEOS_DEPLOYMENT_TARGET = 13.2;
				LD_RUNPATH_SEARCH_PATHS = (
					"$(inherited)",
					"@executable_path/Frameworks",
					"@loader_path/Frameworks",
				);
				PRODUCT_BUNDLE_IDENTIFIER = abc.TESTTests;
				PRODUCT_NAME = "$(TARGET_NAME)";
				SWIFT_VERSION = 5.0;
				TARGETED_DEVICE_FAMILY = "1,2";
				TEST_HOST = "$(BUILT_PRODUCTS_DIR)/TEST.app/TEST";
			};
			name = Debug;
		};
		110206DF241237F500CB68EF /* Release */ = {
			isa = XCBuildConfiguration;
			buildSettings = {
				ALWAYS_EMBED_SWIFT_STANDARD_LIBRARIES = YES;
				BUNDLE_LOADER = "$(TEST_HOST)";
				CODE_SIGN_STYLE = Automatic;
				INFOPLIST_FILE = TESTTests/Info.plist;
				IPHONEOS_DEPLOYMENT_TARGET = 13.2;
				LD_RUNPATH_SEARCH_PATHS = (
					"$(inherited)",
					"@executable_path/Frameworks",
					"@loader_path/Frameworks",
				);
				PRODUCT_BUNDLE_IDENTIFIER = abc.TESTTests;
				PRODUCT_NAME = "$(TARGET_NAME)";
				SWIFT_VERSION = 5.0;
				TARGETED_DEVICE_FAMILY = "1,2";
				TEST_HOST = "$(BUILT_PRODUCTS_DIR)/TEST.app/TEST";
			};
			name = Release;
		};
		110206E1241237F500CB68EF /* Debug */ = {
			isa = XCBuildConfiguration;
			buildSettings = {
				ALWAYS_EMBED_SWIFT_STANDARD_LIBRARIES = YES;
				CODE_SIGN_STYLE = Automatic;
				INFOPLIST_FILE = TESTUITests/Info.plist;
				LD_RUNPATH_SEARCH_PATHS = (
					"$(inherited)",
					"@executable_path/Frameworks",
					"@loader_path/Frameworks",
				);
				PRODUCT_BUNDLE_IDENTIFIER = abc.TESTUITests;
				PRODUCT_NAME = "$(TARGET_NAME)";
				SWIFT_VERSION = 5.0;
				TARGETED_DEVICE_FAMILY = "1,2";
				TEST_TARGET_NAME = TEST;
			};
			name = Debug;
		};
		110206E2241237F500CB68EF /* Release */ = {
			isa = XCBuildConfiguration;
			buildSettings = {
				ALWAYS_EMBED_SWIFT_STANDARD_LIBRARIES = YES;
				CODE_SIGN_STYLE = Automatic;
				INFOPLIST_FILE = TESTUITests/Info.plist;
				LD_RUNPATH_SEARCH_PATHS = (
					"$(inherited)",
					"@executable_path/Frameworks",
					"@loader_path/Frameworks",
				);
				PRODUCT_BUNDLE_IDENTIFIER = abc.TESTUITests;
				PRODUCT_NAME = "$(TARGET_NAME)";
				SWIFT_VERSION = 5.0;
				TARGETED_DEVICE_FAMILY = "1,2";
				TEST_TARGET_NAME = TEST;
			};
			name = Release;
		};
/* End XCBuildConfiguration section */

/* Begin XCConfigurationList section */
		110206AB241237F300CB68EF /* Build configuration list for PBXProject "TEST" */ = {
			isa = XCConfigurationList;
			buildConfigurations = (
				110206D8241237F500CB68EF /* Debug */,
				110206D9241237F500CB68EF /* Release */,
			);
			defaultConfigurationIsVisible = 0;
			defaultConfigurationName = Release;
		};
		110206DA241237F500CB68EF /* Build configuration list for PBXNativeTarget "TEST" */ = {
			isa = XCConfigurationList;
			buildConfigurations = (
				110206DB241237F500CB68EF /* Debug */,
				110206DC241237F500CB68EF /* Release */,
			);
			defaultConfigurationIsVisible = 0;
			defaultConfigurationName = Release;
		};
		110206DD241237F500CB68EF /* Build configuration list for PBXNativeTarget "TESTTests" */ = {
			isa = XCConfigurationList;
			buildConfigurations = (
				110206DE241237F500CB68EF /* Debug */,
				110206DF241237F500CB68EF /* Release */,
			);
			defaultConfigurationIsVisible = 0;
			defaultConfigurationName = Release;
		};
		110206E0241237F500CB68EF /* Build configuration list for PBXNativeTarget "TESTUITests" */ = {
			isa = XCConfigurationList;
			buildConfigurations = (
				110206E1241237F500CB68EF /* Debug */,
				110206E2241237F500CB68EF /* Release */,
			);
			defaultConfigurationIsVisible = 0;
			defaultConfigurationName = Release;
		};
/* End XCConfigurationList section */
	};
	rootObject = 110206A8241237F300CB68EF /* Project object */;
}
